
Microsoft Visual Studio Solution File, Format Version 12.00
# Visual Studio 15
VisualStudioVersion = 15.0.26730.16
MinimumVisualStudioVersion = 10.0.40219.1
Project("{FAE04EC0-301F-11D3-BF4B-00C04F79EFBC}") = "GenericAccess", "GenericAccess\GenericAccess.csproj", "{BCBA168E-B546-493C-BA9B-B0A0CB15B096}"
EndProject
Global
	GlobalSection(SolutionConfigurationPlatforms) = preSolution
		Debug|Any CPU = Debug|Any CPU
		Release|Any CPU = Release|Any CPU
	EndGlobalSection
	GlobalSection(ProjectConfigurationPlatforms) = postSolution
		{BCBA168E-B546-493C-BA9B-B0A0CB15B096}.Debug|Any CPU.ActiveCfg = Debug|Any CPU
		{BCBA168E-B546-493C-BA9B-B0A0CB15B096}.Debug|Any CPU.Build.0 = Debug|Any CPU
		{BCBA168E-B546-493C-BA9B-B0A0CB15B096}.Release|Any CPU.ActiveCfg = Release|Any CPU
		{BCBA168E-B546-493C-BA9B-B0A0CB15B096}.Release|Any CPU.Build.0 = Release|Any CPU
	EndGlobalSection
	GlobalSection(SolutionProperties) = preSolution
		HideSolutionNode = FALSE
	EndGlobalSection
	GlobalSection(ExtensibilityGlobals) = postSolution
		SolutionGuid = {D8E71E2B-C9F1-431B-B3D6-1D3939BCC5E2}
	EndGlobalSection
EndGlobal
